
Microsoft Visual Studio Solution File, Format Version 12.00
# Visual Studio 15
VisualStudioVersion = 15.0.28010.2041
MinimumVisualStudioVersion = 10.0.40219.1
Project("{FAE04EC0-301F-11D3-BF4B-00C04F79EFBC}") = "AspNetCoreWithWebSocketDemo", "AspNetCoreWithWebSocketDemo\AspNetCoreWithWebSocketDemo.csproj", "{D247D161-244E-4D5D-906D-C1E2F3A930AD}"
EndProject
Global
	GlobalSection(SolutionConfigurationPlatforms) = preSolution
		Debug|Any CPU = Debug|Any CPU
		Release|Any CPU = Release|Any CPU
	EndGlobalSection
	GlobalSection(ProjectConfigurationPlatforms) = postSolution
		{D247D161-244E-4D5D-906D-C1E2F3A930AD}.Debug|Any CPU.ActiveCfg = Debug|Any CPU
		{D247D161-244E-4D5D-906D-C1E2F3A930AD}.Debug|Any CPU.Build.0 = Debug|Any CPU
		{D247D161-244E-4D5D-906D-C1E2F3A930AD}.Release|Any CPU.ActiveCfg = Release|Any CPU
		{D247D161-244E-4D5D-906D-C1E2F3A930AD}.Release|Any CPU.Build.0 = Release|Any CPU
	EndGlobalSection
	GlobalSection(SolutionProperties) = preSolution
		HideSolutionNode = FALSE
	EndGlobalSection
	GlobalSection(ExtensibilityGlobals) = postSolution
		SolutionGuid = {75F9F1A3-BDC6-43A8-B1A6-D40D460E57DA}
	EndGlobalSection
EndGlobal
